// !$*UTF8*$!
{
	archiveVersion = 1;
	classes = {
	};
	objectVersion = 55;
	objects = {

/* Begin PBXBuildFile section */
		417C4BB0288A8CB60071B0E6 /* UTIL.swift in Sources */ = {isa = PBXBuildFile; fileRef = 417C4BAF288A8CB60071B0E6 /* UTIL.swift */; };
		418E73A02833ACC0004F826A /* main.swift in Sources */ = {isa = PBXBuildFile; fileRef = 418E739F2833ACC0004F826A /* main.swift */; };
		418E73A92833BE8E004F826A /* BD.swift in Sources */ = {isa = PBXBuildFile; fileRef = 418E73A82833BE8E004F826A /* BD.swift */; };
		41BE3E742837CB3A00E0D88A /* CBUUIDs.swift in Sources */ = {isa = PBXBuildFile; fileRef = 41BE3E732837CB3A00E0D88A /* CBUUIDs.swift */; };
		41BE3E762837CE8A00E0D88A /* Ble.swift in Sources */ = {isa = PBXBuildFile; fileRef = 41BE3E752837CE8A00E0D88A /* Ble.swift */; };
/* End PBXBuildFile section */

/* Begin PBXCopyFilesBuildPhase section */
		418E739A2833ACC0004F826A /* CopyFiles */ = {
			isa = PBXCopyFilesBuildPhase;
			buildActionMask = 2147483647;
			dstPath = /usr/share/man/man1/;
			dstSubfolderSpec = 0;
			files = (
			);
			runOnlyForDeploymentPostprocessing = 1;
		};
/* End PBXCopyFilesBuildPhase section */

/* Begin PBXFileReference section */
		417C4BAF288A8CB60071B0E6 /* UTIL.swift */ = {isa = PBXFileReference; lastKnownFileType = sourcecode.swift; path = UTIL.swift; sourceTree = "<group>"; };
		418E739C2833ACC0004F826A /* BDUNK */ = {isa = PBXFileReference; explicitFileType = "compiled.mach-o.executable"; includeInIndex = 0; path = BDUNK; sourceTree = BUILT_PRODUCTS_DIR; };
		418E739F2833ACC0004F826A /* main.swift */ = {isa = PBXFileReference; lastKnownFileType = sourcecode.swift; path = main.swift; sourceTree = "<group>"; };
		418E73A82833BE8E004F826A /* BD.swift */ = {isa = PBXFileReference; lastKnownFileType = sourcecode.swift; path = BD.swift; sourceTree = "<group>"; };
		41BE3E732837CB3A00E0D88A /* CBUUIDs.swift */ = {isa = PBXFileReference; lastKnownFileType = sourcecode.swift; path = CBUUIDs.swift; sourceTree = "<group>"; };
		41BE3E752837CE8A00E0D88A /* Ble.swift */ = {isa = PBXFileReference; lastKnownFileType = sourcecode.swift; path = Ble.swift; sourceTree = "<group>"; };
/* End PBXFileReference section */

/* Begin PBXFrameworksBuildPhase section */
		418E73992833ACC0004F826A /* Frameworks */ = {
			isa = PBXFrameworksBuildPhase;
			buildActionMask = 2147483647;
			files = (
			);
			runOnlyForDeploymentPostprocessing = 0;
		};
/* End PBXFrameworksBuildPhase section */

/* Begin PBXGroup section */
		418E73932833ACC0004F826A = {
			isa = PBXGroup;
			children = (
				418E739E2833ACC0004F826A /* BDUNK */,
				418E739D2833ACC0004F826A /* Products */,
			);
			sourceTree = "<group>";
		};
		418E739D2833ACC0004F826A /* Products */ = {
			isa = PBXGroup;
			children = (
				418E739C2833ACC0004F826A /* BDUNK */,
			);
			name = Products;
			sourceTree = "<group>";
		};
		418E739E2833ACC0004F826A /* BDUNK */ = {
			isa = PBXGroup;
			children = (
				418E739F2833ACC0004F826A /* main.swift */,
				418E73A82833BE8E004F826A /* BD.swift */,
				41BE3E732837CB3A00E0D88A /* CBUUIDs.swift */,
				41BE3E752837CE8A00E0D88A /* Ble.swift */,
				417C4BAF288A8CB60071B0E6 /* UTIL.swift */,
			);
			path = BDUNK;
			sourceTree = "<group>";
		};
/* End PBXGroup section */

/* Begin PBXNativeTarget section */
		418E739B2833ACC0004F826A /* BDUNK */ = {
			isa = PBXNativeTarget;
			buildConfigurationList = 418E73A32833ACC0004F826A /* Build configuration list for PBXNativeTarget "BDUNK" */;
			buildPhases = (
				418E73982833ACC0004F826A /* Sources */,
				418E73992833ACC0004F826A /* Frameworks */,
				418E739A2833ACC0004F826A /* CopyFiles */,
			);
			buildRules = (
			);
			dependencies = (
			);
			name = BDUNK;
			productName = BDUNK;
			productReference = 418E739C2833ACC0004F826A /* BDUNK */;
			productType = "com.apple.product-type.tool";
		};
/* End PBXNativeTarget section */

/* Begin PBXProject section */
		418E73942833ACC0004F826A /* Project object */ = {
			isa = PBXProject;
			attributes = {
				BuildIndependentTargetsInParallel = 1;
				LastSwiftUpdateCheck = 1330;
				LastUpgradeCheck = 1330;
				TargetAttributes = {
					418E739B2833ACC0004F826A = {
						CreatedOnToolsVersion = 13.3;
					};
				};
			};
			buildConfigurationList = 418E73972833ACC0004F826A /* Build configuration list for PBXProject "BDUNK" */;
			compatibilityVersion = "Xcode 13.0";
			developmentRegion = en;
			hasScannedForEncodings = 0;
			knownRegions = (
				en,
				Base,
			);
			mainGroup = 418E73932833ACC0004F826A;
			productRefGroup = 418E739D2833ACC0004F826A /* Products */;
			projectDirPath = "";
			projectRoot = "";
			targets = (
				418E739B2833ACC0004F826A /* BDUNK */,
			);
		};
/* End PBXProject section */

/* Begin PBXSourcesBuildPhase section */
		418E73982833ACC0004F826A /* Sources */ = {
			isa = PBXSourcesBuildPhase;
			buildActionMask = 2147483647;
			files = (
				418E73A02833ACC0004F826A /* main.swift in Sources */,
				418E73A92833BE8E004F826A /* BD.swift in Sources */,
				417C4BB0288A8CB60071B0E6 /* UTIL.swift in Sources */,
				41BE3E742837CB3A00E0D88A /* CBUUIDs.swift in Sources */,
				41BE3E762837CE8A00E0D88A /* Ble.swift in Sources */,
			);
			runOnlyForDeploymentPostprocessing = 0;
		};
/* End PBXSourcesBuildPhase section */

/* Begin XCBuildConfiguration section */
		418E73A12833ACC0004F826A /* Debug */ = {
			isa = XCBuildConfiguration;
			buildSettings = {
				ALWAYS_SEARCH_USER_PATHS = NO;
				CLANG_ANALYZER_NONNULL = YES;
				CLANG_ANALYZER_NUMBER_OBJECT_CONVERSION = YES_AGGRESSIVE;
				CLANG_CXX_LANGUAGE_STANDARD = "gnu++17";
				CLANG_ENABLE_MODULES = YES;
				CLANG_ENABLE_OBJC_ARC = YES;
				CLANG_ENABLE_OBJC_WEAK = YES;
				CLANG_WARN_BLOCK_CAPTURE_AUTORELEASING = YES;
				CLANG_WARN_BOOL_CONVERSION = YES;
				CLANG_WARN_COMMA = YES;
				CLANG_WARN_CONSTANT_CONVERSION = YES;
				CLANG_WARN_DEPRECATED_OBJC_IMPLEMENTATIONS = YES;
				CLANG_WARN_DIRECT_OBJC_ISA_USAGE = YES_ERROR;
				CLANG_WARN_DOCUMENTATION_COMMENTS = YES;
				CLANG_WARN_EMPTY_BODY = YES;
				CLANG_WARN_ENUM_CONVERSION = YES;
				CLANG_WARN_INFINITE_RECURSION = YES;
				CLANG_WARN_INT_CONVERSION = YES;
				CLANG_WARN_NON_LITERAL_NULL_CONVERSION = YES;
				CLANG_WARN_OBJC_IMPLICIT_RETAIN_SELF = YES;
				CLANG_WARN_OBJC_LITERAL_CONVERSION = YES;
				CLANG_WARN_OBJC_ROOT_CLASS = YES_ERROR;
				CLANG_WARN_QUOTED_INCLUDE_IN_FRAMEWORK_HEADER = YES;
				CLANG_WARN_RANGE_LOOP_ANALYSIS = YES;
				CLANG_WARN_STRICT_PROTOTYPES = YES;
				CLANG_WARN_SUSPICIOUS_MOVE = YES;
				CLANG_WARN_UNGUARDED_AVAILABILITY = YES_AGGRESSIVE;
				CLANG_WARN_UNREACHABLE_CODE = YES;
				CLANG_WARN__DUPLICATE_METHOD_MATCH = YES;
				COPY_PHASE_STRIP = NO;
				DEBUG_INFORMATION_FORMAT = dwarf;
				ENABLE_STRICT_OBJC_MSGSEND = YES;
				ENABLE_TESTABILITY = YES;
				GCC_C_LANGUAGE_STANDARD = gnu11;
				GCC_DYNAMIC_NO_PIC = NO;
				GCC_NO_COMMON_BLOCKS = YES;
				GCC_OPTIMIZATION_LEVEL = 0;
				GCC_PREPROCESSOR_DEFINITIONS = (
					"DEBUG=1",
					"$(inherited)",
				);
				GCC_WARN_64_TO_32_BIT_CONVERSION = YES;
				GCC_WARN_ABOUT_RETURN_TYPE = YES_ERROR;
				GCC_WARN_UNDECLARED_SELECTOR = YES;
				GCC_WARN_UNINITIALIZED_AUTOS = YES_AGGRESSIVE;
				GCC_WARN_UNUSED_FUNCTION = YES;
				GCC_WARN_UNUSED_VARIABLE = YES;
				MACOSX_DEPLOYMENT_TARGET = 12.3;
				MTL_ENABLE_DEBUG_INFO = INCLUDE_SOURCE;
				MTL_FAST_MATH = YES;
				ONLY_ACTIVE_ARCH = YES;
				SDKROOT = macosx;
				SWIFT_ACTIVE_COMPILATION_CONDITIONS = DEBUG;
				SWIFT_OPTIMIZATION_LEVEL = "-Onone";
			};
			name = Debug;
		};
		418E73A22833ACC0004F826A /* Release */ = {
			isa = XCBuildConfiguration;
			buildSettings = {
				ALWAYS_SEARCH_USER_PATHS = NO;
				CLANG_ANALYZER_NONNULL = YES;
				CLANG_ANALYZER_NUMBER_OBJECT_CONVERSION = YES_AGGRESSIVE;
				CLANG_CXX_LANGUAGE_STANDARD = "gnu++17";
				CLANG_ENABLE_MODULES = YES;
				CLANG_ENABLE_OBJC_ARC = YES;
				CLANG_ENABLE_OBJC_WEAK = YES;
				CLANG_WARN_BLOCK_CAPTURE_AUTORELEASING = YES;
				CLANG_WARN_BOOL_CONVERSION = YES;
				CLANG_WARN_COMMA = YES;
				CLANG_WARN_CONSTANT_CONVERSION = YES;
				CLANG_WARN_DEPRECATED_OBJC_IMPLEMENTATIONS = YES;
				CLANG_WARN_DIRECT_OBJC_ISA_USAGE = YES_ERROR;
				CLANG_WARN_DOCUMENTATION_COMMENTS = YES;
				CLANG_WARN_EMPTY_BODY = YES;
				CLANG_WARN_ENUM_CONVERSION = YES;
				CLANG_WARN_INFINITE_RECURSION = YES;
				CLANG_WARN_INT_CONVERSION = YES;
				CLANG_WARN_NON_LITERAL_NULL_CONVERSION = YES;
				CLANG_WARN_OBJC_IMPLICIT_RETAIN_SELF = YES;
				CLANG_WARN_OBJC_LITERAL_CONVERSION = YES;
				CLANG_WARN_OBJC_ROOT_CLASS = YES_ERROR;
				CLANG_WARN_QUOTED_INCLUDE_IN_FRAMEWORK_HEADER = YES;
				CLANG_WARN_RANGE_LOOP_ANALYSIS = YES;
				CLANG_WARN_STRICT_PROTOTYPES = YES;
				CLANG_WARN_SUSPICIOUS_MOVE = YES;
				CLANG_WARN_UNGUARDED_AVAILABILITY = YES_AGGRESSIVE;
				CLANG_WARN_UNREACHABLE_CODE = YES;
				CLANG_WARN__DUPLICATE_METHOD_MATCH = YES;
				COPY_PHASE_STRIP = NO;
				DEBUG_INFORMATION_FORMAT = "dwarf-with-dsym";
				ENABLE_NS_ASSERTIONS = NO;
				ENABLE_STRICT_OBJC_MSGSEND = YES;
				GCC_C_LANGUAGE_STANDARD = gnu11;
				GCC_NO_COMMON_BLOCKS = YES;
				GCC_WARN_64_TO_32_BIT_CONVERSION = YES;
				GCC_WARN_ABOUT_RETURN_TYPE = YES_ERROR;
				GCC_WARN_UNDECLARED_SELECTOR = YES;
				GCC_WARN_UNINITIALIZED_AUTOS = YES_AGGRESSIVE;
				GCC_WARN_UNUSED_FUNCTION = YES;
				GCC_WARN_UNUSED_VARIABLE = YES;
				MACOSX_DEPLOYMENT_TARGET = 12.3;
				MTL_ENABLE_DEBUG_INFO = NO;
				MTL_FAST_MATH = YES;
				SDKROOT = macosx;
				SWIFT_COMPILATION_MODE = wholemodule;
				SWIFT_OPTIMIZATION_LEVEL = "-O";
			};
			name = Release;
		};
		418E73A42833ACC0004F826A /* Debug */ = {
			isa = XCBuildConfiguration;
			buildSettings = {
				CODE_SIGN_STYLE = Automatic;
				PRODUCT_NAME = "$(TARGET_NAME)";
				SWIFT_VERSION = 5.0;
			};
			name = Debug;
		};
		418E73A52833ACC0004F826A /* Release */ = {
			isa = XCBuildConfiguration;
			buildSettings = {
				CODE_SIGN_STYLE = Automatic;
				PRODUCT_NAME = "$(TARGET_NAME)";
				SWIFT_VERSION = 5.0;
			};
			name = Release;
		};
/* End XCBuildConfiguration section */

/* Begin XCConfigurationList section */
		418E73972833ACC0004F826A /* Build configuration list for PBXProject "BDUNK" */ = {
			isa = XCConfigurationList;
			buildConfigurations = (
				418E73A12833ACC0004F826A /* Debug */,
				418E73A22833ACC0004F826A /* Release */,
			);
			defaultConfigurationIsVisible = 0;
			defaultConfigurationName = Release;
		};
		418E73A32833ACC0004F826A /* Build configuration list for PBXNativeTarget "BDUNK" */ = {
			isa = XCConfigurationList;
			buildConfigurations = (
				418E73A42833ACC0004F826A /* Debug */,
				418E73A52833ACC0004F826A /* Release */,
			);
			defaultConfigurationIsVisible = 0;
			defaultConfigurationName = Release;
		};
/* End XCConfigurationList section */
	};
	rootObject = 418E73942833ACC0004F826A /* Project object */;
}
